// !$*UTF8*$!
{
	archiveVersion = 1;
	classes = {
	};
	objectVersion = 46;
	objects = {

/* Begin PBXBuildFile section */
		587D77C91F88EE5A00763B7A /* main.m in Sources */ = {isa = PBXBuildFile; fileRef = 587D77C81F88EE5A00763B7A /* main.m */; };
		587D77D31F88EE7900763B7A /* Calculator.m in Sources */ = {isa = PBXBuildFile; fileRef = 587D77D01F88EE7900763B7A /* Calculator.m */; };
		587D77D41F88EE7900763B7A /* NSObject+Calculator.m in Sources */ = {isa = PBXBuildFile; fileRef = 587D77D21F88EE7900763B7A /* NSObject+Calculator.m */; };
/* End PBXBuildFile section */

/* Begin PBXCopyFilesBuildPhase section */
		587D77C31F88EE5A00763B7A /* CopyFiles */ = {
			isa = PBXCopyFilesBuildPhase;
			buildActionMask = 2147483647;
			dstPath = /usr/share/man/man1/;
			dstSubfolderSpec = 0;
			files = (
			);
			runOnlyForDeploymentPostprocessing = 1;
		};
/* End PBXCopyFilesBuildPhase section */

/* Begin PBXFileReference section */
		587D77C51F88EE5A00763B7A /* FunctionalProgrammingExample */ = {isa = PBXFileReference; explicitFileType = "compiled.mach-o.executable"; includeInIndex = 0; path = FunctionalProgrammingExample; sourceTree = BUILT_PRODUCTS_DIR; };
		587D77C81F88EE5A00763B7A /* main.m */ = {isa = PBXFileReference; lastKnownFileType = sourcecode.c.objc; path = main.m; sourceTree = "<group>"; };
		587D77CF1F88EE7900763B7A /* Calculator.h */ = {isa = PBXFileReference; fileEncoding = 4; lastKnownFileType = sourcecode.c.h; path = Calculator.h; sourceTree = "<group>"; };
		587D77D01F88EE7900763B7A /* Calculator.m */ = {isa = PBXFileReference; fileEncoding = 4; lastKnownFileType = sourcecode.c.objc; path = Calculator.m; sourceTree = "<group>"; };
		587D77D11F88EE7900763B7A /* NSObject+Calculator.h */ = {isa = PBXFileReference; fileEncoding = 4; lastKnownFileType = sourcecode.c.h; path = "NSObject+Calculator.h"; sourceTree = "<group>"; };
		587D77D21F88EE7900763B7A /* NSObject+Calculator.m */ = {isa = PBXFileReference; fileEncoding = 4; lastKnownFileType = sourcecode.c.objc; path = "NSObject+Calculator.m"; sourceTree = "<group>"; };
/* End PBXFileReference section */

/* Begin PBXFrameworksBuildPhase section */
		587D77C21F88EE5A00763B7A /* Frameworks */ = {
			isa = PBXFrameworksBuildPhase;
			buildActionMask = 2147483647;
			files = (
			);
			runOnlyForDeploymentPostprocessing = 0;
		};
/* End PBXFrameworksBuildPhase section */

/* Begin PBXGroup section */
		587D77BC1F88EE5A00763B7A = {
			isa = PBXGroup;
			children = (
				587D77C71F88EE5A00763B7A /* FunctionalProgrammingExample */,
				587D77C61F88EE5A00763B7A /* Products */,
			);
			sourceTree = "<group>";
		};
		587D77C61F88EE5A00763B7A /* Products */ = {
			isa = PBXGroup;
			children = (
				587D77C51F88EE5A00763B7A /* FunctionalProgrammingExample */,
			);
			name = Products;
			sourceTree = "<group>";
		};
		587D77C71F88EE5A00763B7A /* FunctionalProgrammingExample */ = {
			isa = PBXGroup;
			children = (
				587D77C81F88EE5A00763B7A /* main.m */,
				587D77CF1F88EE7900763B7A /* Calculator.h */,
				587D77D01F88EE7900763B7A /* Calculator.m */,
				587D77D11F88EE7900763B7A /* NSObject+Calculator.h */,
				587D77D21F88EE7900763B7A /* NSObject+Calculator.m */,
			);
			path = FunctionalProgrammingExample;
			sourceTree = "<group>";
		};
/* End PBXGroup section */

/* Begin PBXNativeTarget section */
		587D77C41F88EE5A00763B7A /* FunctionalProgrammingExample */ = {
			isa = PBXNativeTarget;
			buildConfigurationList = 587D77CC1F88EE5A00763B7A /* Build configuration list for PBXNativeTarget "FunctionalProgrammingExample" */;
			buildPhases = (
				587D77C11F88EE5A00763B7A /* Sources */,
				587D77C21F88EE5A00763B7A /* Frameworks */,
				587D77C31F88EE5A00763B7A /* CopyFiles */,
			);
			buildRules = (
			);
			dependencies = (
			);
			name = FunctionalProgrammingExample;
			productName = FunctionalProgrammingExample;
			productReference = 587D77C51F88EE5A00763B7A /* FunctionalProgrammingExample */;
			productType = "com.apple.product-type.tool";
		};
/* End PBXNativeTarget section */

/* Begin PBXProject section */
		587D77BD1F88EE5A00763B7A /* Project object */ = {
			isa = PBXProject;
			attributes = {
				LastUpgradeCheck = 0820;
				ORGANIZATIONNAME = ShannonChen;
				TargetAttributes = {
					587D77C41F88EE5A00763B7A = {
						CreatedOnToolsVersion = 8.2.1;
						DevelopmentTeam = L32PN8QKLZ;
						ProvisioningStyle = Automatic;
					};
				};
			};
			buildConfigurationList = 587D77C01F88EE5A00763B7A /* Build configuration list for PBXProject "FunctionalProgrammingExample" */;
			compatibilityVersion = "Xcode 3.2";
			developmentRegion = English;
			hasScannedForEncodings = 0;
			knownRegions = (
				en,
			);
			mainGroup = 587D77BC1F88EE5A00763B7A;
			productRefGroup = 587D77C61F88EE5A00763B7A /* Products */;
			projectDirPath = "";
			projectRoot = "";
			targets = (
				587D77C41F88EE5A00763B7A /* FunctionalProgrammingExample */,
			);
		};
/* End PBXProject section */

/* Begin PBXSourcesBuildPhase section */
		587D77C11F88EE5A00763B7A /* Sources */ = {
			isa = PBXSourcesBuildPhase;
			buildActionMask = 2147483647;
			files = (
				587D77C91F88EE5A00763B7A /* main.m in Sources */,
				587D77D31F88EE7900763B7A /* Calculator.m in Sources */,
				587D77D41F88EE7900763B7A /* NSObject+Calculator.m in Sources */,
			);
			runOnlyForDeploymentPostprocessing = 0;
		};
/* End PBXSourcesBuildPhase section */

/* Begin XCBuildConfiguration section */
		587D77CA1F88EE5A00763B7A /* Debug */ = {
			isa = XCBuildConfiguration;
			buildSettings = {
				ALWAYS_SEARCH_USER_PATHS = NO;
				CLANG_ANALYZER_NONNULL = YES;
				CLANG_CXX_LANGUAGE_STANDARD = "gnu++0x";
				CLANG_CXX_LIBRARY = "libc++";
				CLANG_ENABLE_MODULES = YES;
				CLANG_ENABLE_OBJC_ARC = YES;
				CLANG_WARN_BOOL_CONVERSION = YES;
				CLANG_WARN_CONSTANT_CONVERSION = YES;
				CLANG_WARN_DIRECT_OBJC_ISA_USAGE = YES_ERROR;
				CLANG_WARN_DOCUMENTATION_COMMENTS = YES;
				CLANG_WARN_EMPTY_BODY = YES;
				CLANG_WARN_ENUM_CONVERSION = YES;
				CLANG_WARN_INFINITE_RECURSION = YES;
				CLANG_WARN_INT_CONVERSION = YES;
				CLANG_WARN_OBJC_ROOT_CLASS = YES_ERROR;
				CLANG_WARN_SUSPICIOUS_MOVE = YES;
				CLANG_WARN_UNREACHABLE_CODE = YES;
				CLANG_WARN__DUPLICATE_METHOD_MATCH = YES;
				CODE_SIGN_IDENTITY = "-";
				COPY_PHASE_STRIP = NO;
				DEBUG_INFORMATION_FORMAT = dwarf;
				ENABLE_STRICT_OBJC_MSGSEND = YES;
				ENABLE_TESTABILITY = YES;
				GCC_C_LANGUAGE_STANDARD = gnu99;
				GCC_DYNAMIC_NO_PIC = NO;
				GCC_NO_COMMON_BLOCKS = YES;
				GCC_OPTIMIZATION_LEVEL = 0;
				GCC_PREPROCESSOR_DEFINITIONS = (
					"DEBUG=1",
					"$(inherited)",
				);
				GCC_WARN_64_TO_32_BIT_CONVERSION = YES;
				GCC_WARN_ABOUT_RETURN_TYPE = YES_ERROR;
				GCC_WARN_UNDECLARED_SELECTOR = YES;
				GCC_WARN_UNINITIALIZED_AUTOS = YES_AGGRESSIVE;
				GCC_WARN_UNUSED_FUNCTION = YES;
				GCC_WARN_UNUSED_VARIABLE = YES;
				MACOSX_DEPLOYMENT_TARGET = 10.12;
				MTL_ENABLE_DEBUG_INFO = YES;
				ONLY_ACTIVE_ARCH = YES;
				SDKROOT = macosx;
			};
			name = Debug;
		};
		587D77CB1F88EE5A00763B7A /* Release */ = {
			isa = XCBuildConfiguration;
			buildSettings = {
				ALWAYS_SEARCH_USER_PATHS = NO;
				CLANG_ANALYZER_NONNULL = YES;
				CLANG_CXX_LANGUAGE_STANDARD = "gnu++0x";
				CLANG_CXX_LIBRARY = "libc++";
				CLANG_ENABLE_MODULES = YES;
				CLANG_ENABLE_OBJC_ARC = YES;
				CLANG_WARN_BOOL_CONVERSION = YES;
				CLANG_WARN_CONSTANT_CONVERSION = YES;
				CLANG_WARN_DIRECT_OBJC_ISA_USAGE = YES_ERROR;
				CLANG_WARN_DOCUMENTATION_COMMENTS = YES;
				CLANG_WARN_EMPTY_BODY = YES;
				CLANG_WARN_ENUM_CONVERSION = YES;
				CLANG_WARN_INFINITE_RECURSION = YES;
				CLANG_WARN_INT_CONVERSION = YES;
				CLANG_WARN_OBJC_ROOT_CLASS = YES_ERROR;
				CLANG_WARN_SUSPICIOUS_MOVE = YES;
				CLANG_WARN_UNREACHABLE_CODE = YES;
				CLANG_WARN__DUPLICATE_METHOD_MATCH = YES;
				CODE_SIGN_IDENTITY = "-";
				COPY_PHASE_STRIP = NO;
				DEBUG_INFORMATION_FORMAT = "dwarf-with-dsym";
				ENABLE_NS_ASSERTIONS = NO;
				ENABLE_STRICT_OBJC_MSGSEND = YES;
				GCC_C_LANGUAGE_STANDARD = gnu99;
				GCC_NO_COMMON_BLOCKS = YES;
				GCC_WARN_64_TO_32_BIT_CONVERSION = YES;
				GCC_WARN_ABOUT_RETURN_TYPE = YES_ERROR;
				GCC_WARN_UNDECLARED_SELECTOR = YES;
				GCC_WARN_UNINITIALIZED_AUTOS = YES_AGGRESSIVE;
				GCC_WARN_UNUSED_FUNCTION = YES;
				GCC_WARN_UNUSED_VARIABLE = YES;
				MACOSX_DEPLOYMENT_TARGET = 10.12;
				MTL_ENABLE_DEBUG_INFO = NO;
				SDKROOT = macosx;
			};
			name = Release;
		};
		587D77CD1F88EE5A00763B7A /* Debug */ = {
			isa = XCBuildConfiguration;
			buildSettings = {
				DEVELOPMENT_TEAM = L32PN8QKLZ;
				MACOSX_DEPLOYMENT_TARGET = 10.12;
				PRODUCT_NAME = "$(TARGET_NAME)";
			};
			name = Debug;
		};
		587D77CE1F88EE5A00763B7A /* Release */ = {
			isa = XCBuildConfiguration;
			buildSettings = {
				DEVELOPMENT_TEAM = L32PN8QKLZ;
				MACOSX_DEPLOYMENT_TARGET = 10.12;
				PRODUCT_NAME = "$(TARGET_NAME)";
			};
			name = Release;
		};
/* End XCBuildConfiguration section */

/* Begin XCConfigurationList section */
		587D77C01F88EE5A00763B7A /* Build configuration list for PBXProject "FunctionalProgrammingExample" */ = {
			isa = XCConfigurationList;
			buildConfigurations = (
				587D77CA1F88EE5A00763B7A /* Debug */,
				587D77CB1F88EE5A00763B7A /* Release */,
			);
			defaultConfigurationIsVisible = 0;
			defaultConfigurationName = Release;
		};
		587D77CC1F88EE5A00763B7A /* Build configuration list for PBXNativeTarget "FunctionalProgrammingExample" */ = {
			isa = XCConfigurationList;
			buildConfigurations = (
				587D77CD1F88EE5A00763B7A /* Debug */,
				587D77CE1F88EE5A00763B7A /* Release */,
			);
			defaultConfigurationIsVisible = 0;
		};
/* End XCConfigurationList section */
	};
	rootObject = 587D77BD1F88EE5A00763B7A /* Project object */;
}
