// !$*UTF8*$!
{
	archiveVersion = 1;
	classes = {
	};
	objectVersion = 48;
	objects = {

/* Begin PBXBuildFile section */
		580747DD1FB746E700D41F42 /* AppDelegate.m in Sources */ = {isa = PBXBuildFile; fileRef = 580747DC1FB746E700D41F42 /* AppDelegate.m */; };
		580747E01FB746E700D41F42 /* ViewController.m in Sources */ = {isa = PBXBuildFile; fileRef = 580747DF1FB746E700D41F42 /* ViewController.m */; };
		580747E31FB746E700D41F42 /* Main.storyboard in Resources */ = {isa = PBXBuildFile; fileRef = 580747E11FB746E700D41F42 /* Main.storyboard */; };
		580747E51FB746E700D41F42 /* Assets.xcassets in Resources */ = {isa = PBXBuildFile; fileRef = 580747E41FB746E700D41F42 /* Assets.xcassets */; };
		580747E81FB746E700D41F42 /* LaunchScreen.storyboard in Resources */ = {isa = PBXBuildFile; fileRef = 580747E61FB746E700D41F42 /* LaunchScreen.storyboard */; };
		580747EB1FB746E700D41F42 /* main.m in Sources */ = {isa = PBXBuildFile; fileRef = 580747EA1FB746E700D41F42 /* main.m */; };
		580747F71FB7471700D41F42 /* CabDriver.m in Sources */ = {isa = PBXBuildFile; fileRef = 580747F11FB7471500D41F42 /* CabDriver.m */; };
		580747F81FB7471700D41F42 /* Taximeter.m in Sources */ = {isa = PBXBuildFile; fileRef = 580747F21FB7471500D41F42 /* Taximeter.m */; };
		580747F91FB7471700D41F42 /* Car.m in Sources */ = {isa = PBXBuildFile; fileRef = 580747F61FB7471600D41F42 /* Car.m */; };
/* End PBXBuildFile section */

/* Begin PBXFileReference section */
		580747D81FB746E700D41F42 /* Facade.app */ = {isa = PBXFileReference; explicitFileType = wrapper.application; includeInIndex = 0; path = Facade.app; sourceTree = BUILT_PRODUCTS_DIR; };
		580747DB1FB746E700D41F42 /* AppDelegate.h */ = {isa = PBXFileReference; lastKnownFileType = sourcecode.c.h; path = AppDelegate.h; sourceTree = "<group>"; };
		580747DC1FB746E700D41F42 /* AppDelegate.m */ = {isa = PBXFileReference; lastKnownFileType = sourcecode.c.objc; path = AppDelegate.m; sourceTree = "<group>"; };
		580747DE1FB746E700D41F42 /* ViewController.h */ = {isa = PBXFileReference; lastKnownFileType = sourcecode.c.h; path = ViewController.h; sourceTree = "<group>"; };
		580747DF1FB746E700D41F42 /* ViewController.m */ = {isa = PBXFileReference; lastKnownFileType = sourcecode.c.objc; path = ViewController.m; sourceTree = "<group>"; };
		580747E21FB746E700D41F42 /* Base */ = {isa = PBXFileReference; lastKnownFileType = file.storyboard; name = Base; path = Base.lproj/Main.storyboard; sourceTree = "<group>"; };
		580747E41FB746E700D41F42 /* Assets.xcassets */ = {isa = PBXFileReference; lastKnownFileType = folder.assetcatalog; path = Assets.xcassets; sourceTree = "<group>"; };
		580747E71FB746E700D41F42 /* Base */ = {isa = PBXFileReference; lastKnownFileType = file.storyboard; name = Base; path = Base.lproj/LaunchScreen.storyboard; sourceTree = "<group>"; };
		580747E91FB746E700D41F42 /* Info.plist */ = {isa = PBXFileReference; lastKnownFileType = text.plist.xml; path = Info.plist; sourceTree = "<group>"; };
		580747EA1FB746E700D41F42 /* main.m */ = {isa = PBXFileReference; lastKnownFileType = sourcecode.c.objc; path = main.m; sourceTree = "<group>"; };
		580747F11FB7471500D41F42 /* CabDriver.m */ = {isa = PBXFileReference; fileEncoding = 4; lastKnownFileType = sourcecode.c.objc; path = CabDriver.m; sourceTree = "<group>"; };
		580747F21FB7471500D41F42 /* Taximeter.m */ = {isa = PBXFileReference; fileEncoding = 4; lastKnownFileType = sourcecode.c.objc; path = Taximeter.m; sourceTree = "<group>"; };
		580747F31FB7471600D41F42 /* Car.h */ = {isa = PBXFileReference; fileEncoding = 4; lastKnownFileType = sourcecode.c.h; path = Car.h; sourceTree = "<group>"; };
		580747F41FB7471600D41F42 /* Taximeter.h */ = {isa = PBXFileReference; fileEncoding = 4; lastKnownFileType = sourcecode.c.h; path = Taximeter.h; sourceTree = "<group>"; };
		580747F51FB7471600D41F42 /* CabDriver.h */ = {isa = PBXFileReference; fileEncoding = 4; lastKnownFileType = sourcecode.c.h; path = CabDriver.h; sourceTree = "<group>"; };
		580747F61FB7471600D41F42 /* Car.m */ = {isa = PBXFileReference; fileEncoding = 4; lastKnownFileType = sourcecode.c.objc; path = Car.m; sourceTree = "<group>"; };
/* End PBXFileReference section */

/* Begin PBXFrameworksBuildPhase section */
		580747D51FB746E700D41F42 /* Frameworks */ = {
			isa = PBXFrameworksBuildPhase;
			buildActionMask = 2147483647;
			files = (
			);
			runOnlyForDeploymentPostprocessing = 0;
		};
/* End PBXFrameworksBuildPhase section */

/* Begin PBXGroup section */
		580747CF1FB746E700D41F42 = {
			isa = PBXGroup;
			children = (
				580747DA1FB746E700D41F42 /* Facade */,
				580747D91FB746E700D41F42 /* Products */,
			);
			sourceTree = "<group>";
		};
		580747D91FB746E700D41F42 /* Products */ = {
			isa = PBXGroup;
			children = (
				580747D81FB746E700D41F42 /* Facade.app */,
			);
			name = Products;
			sourceTree = "<group>";
		};
		580747DA1FB746E700D41F42 /* Facade */ = {
			isa = PBXGroup;
			children = (
				580747DB1FB746E700D41F42 /* AppDelegate.h */,
				580747DC1FB746E700D41F42 /* AppDelegate.m */,
				580747DE1FB746E700D41F42 /* ViewController.h */,
				580747DF1FB746E700D41F42 /* ViewController.m */,
				580747F51FB7471600D41F42 /* CabDriver.h */,
				580747F11FB7471500D41F42 /* CabDriver.m */,
				580747F31FB7471600D41F42 /* Car.h */,
				580747F61FB7471600D41F42 /* Car.m */,
				580747F41FB7471600D41F42 /* Taximeter.h */,
				580747F21FB7471500D41F42 /* Taximeter.m */,
				580747E11FB746E700D41F42 /* Main.storyboard */,
				580747E41FB746E700D41F42 /* Assets.xcassets */,
				580747E61FB746E700D41F42 /* LaunchScreen.storyboard */,
				580747E91FB746E700D41F42 /* Info.plist */,
				580747EA1FB746E700D41F42 /* main.m */,
			);
			path = Facade;
			sourceTree = "<group>";
		};
/* End PBXGroup section */

/* Begin PBXNativeTarget section */
		580747D71FB746E700D41F42 /* Facade */ = {
			isa = PBXNativeTarget;
			buildConfigurationList = 580747EE1FB746E700D41F42 /* Build configuration list for PBXNativeTarget "Facade" */;
			buildPhases = (
				580747D41FB746E700D41F42 /* Sources */,
				580747D51FB746E700D41F42 /* Frameworks */,
				580747D61FB746E700D41F42 /* Resources */,
			);
			buildRules = (
			);
			dependencies = (
			);
			name = Facade;
			productName = Facade;
			productReference = 580747D81FB746E700D41F42 /* Facade.app */;
			productType = "com.apple.product-type.application";
		};
/* End PBXNativeTarget section */

/* Begin PBXProject section */
		580747D01FB746E700D41F42 /* Project object */ = {
			isa = PBXProject;
			attributes = {
				LastUpgradeCheck = 0910;
				ORGANIZATIONNAME = ShannonChen;
				TargetAttributes = {
					580747D71FB746E700D41F42 = {
						CreatedOnToolsVersion = 9.1;
						ProvisioningStyle = Automatic;
					};
				};
			};
			buildConfigurationList = 580747D31FB746E700D41F42 /* Build configuration list for PBXProject "Facade" */;
			compatibilityVersion = "Xcode 8.0";
			developmentRegion = en;
			hasScannedForEncodings = 0;
			knownRegions = (
				en,
				Base,
			);
			mainGroup = 580747CF1FB746E700D41F42;
			productRefGroup = 580747D91FB746E700D41F42 /* Products */;
			projectDirPath = "";
			projectRoot = "";
			targets = (
				580747D71FB746E700D41F42 /* Facade */,
			);
		};
/* End PBXProject section */

/* Begin PBXResourcesBuildPhase section */
		580747D61FB746E700D41F42 /* Resources */ = {
			isa = PBXResourcesBuildPhase;
			buildActionMask = 2147483647;
			files = (
				580747E81FB746E700D41F42 /* LaunchScreen.storyboard in Resources */,
				580747E51FB746E700D41F42 /* Assets.xcassets in Resources */,
				580747E31FB746E700D41F42 /* Main.storyboard in Resources */,
			);
			runOnlyForDeploymentPostprocessing = 0;
		};
/* End PBXResourcesBuildPhase section */

/* Begin PBXSourcesBuildPhase section */
		580747D41FB746E700D41F42 /* Sources */ = {
			isa = PBXSourcesBuildPhase;
			buildActionMask = 2147483647;
			files = (
				580747F91FB7471700D41F42 /* Car.m in Sources */,
				580747F81FB7471700D41F42 /* Taximeter.m in Sources */,
				580747F71FB7471700D41F42 /* CabDriver.m in Sources */,
				580747E01FB746E700D41F42 /* ViewController.m in Sources */,
				580747EB1FB746E700D41F42 /* main.m in Sources */,
				580747DD1FB746E700D41F42 /* AppDelegate.m in Sources */,
			);
			runOnlyForDeploymentPostprocessing = 0;
		};
/* End PBXSourcesBuildPhase section */

/* Begin PBXVariantGroup section */
		580747E11FB746E700D41F42 /* Main.storyboard */ = {
			isa = PBXVariantGroup;
			children = (
				580747E21FB746E700D41F42 /* Base */,
			);
			name = Main.storyboard;
			sourceTree = "<group>";
		};
		580747E61FB746E700D41F42 /* LaunchScreen.storyboard */ = {
			isa = PBXVariantGroup;
			children = (
				580747E71FB746E700D41F42 /* Base */,
			);
			name = LaunchScreen.storyboard;
			sourceTree = "<group>";
		};
/* End PBXVariantGroup section */

/* Begin XCBuildConfiguration section */
		580747EC1FB746E700D41F42 /* Debug */ = {
			isa = XCBuildConfiguration;
			buildSettings = {
				ALWAYS_SEARCH_USER_PATHS = NO;
				CLANG_ANALYZER_NONNULL = YES;
				CLANG_ANALYZER_NUMBER_OBJECT_CONVERSION = YES_AGGRESSIVE;
				CLANG_CXX_LANGUAGE_STANDARD = "gnu++14";
				CLANG_CXX_LIBRARY = "libc++";
				CLANG_ENABLE_MODULES = YES;
				CLANG_ENABLE_OBJC_ARC = YES;
				CLANG_WARN_BLOCK_CAPTURE_AUTORELEASING = YES;
				CLANG_WARN_BOOL_CONVERSION = YES;
				CLANG_WARN_COMMA = YES;
				CLANG_WARN_CONSTANT_CONVERSION = YES;
				CLANG_WARN_DIRECT_OBJC_ISA_USAGE = YES_ERROR;
				CLANG_WARN_DOCUMENTATION_COMMENTS = YES;
				CLANG_WARN_EMPTY_BODY = YES;
				CLANG_WARN_ENUM_CONVERSION = YES;
				CLANG_WARN_INFINITE_RECURSION = YES;
				CLANG_WARN_INT_CONVERSION = YES;
				CLANG_WARN_NON_LITERAL_NULL_CONVERSION = YES;
				CLANG_WARN_OBJC_LITERAL_CONVERSION = YES;
				CLANG_WARN_OBJC_ROOT_CLASS = YES_ERROR;
				CLANG_WARN_RANGE_LOOP_ANALYSIS = YES;
				CLANG_WARN_STRICT_PROTOTYPES = YES;
				CLANG_WARN_SUSPICIOUS_MOVE = YES;
				CLANG_WARN_UNGUARDED_AVAILABILITY = YES_AGGRESSIVE;
				CLANG_WARN_UNREACHABLE_CODE = YES;
				CLANG_WARN__DUPLICATE_METHOD_MATCH = YES;
				CODE_SIGN_IDENTITY = "iPhone Developer";
				COPY_PHASE_STRIP = NO;
				DEBUG_INFORMATION_FORMAT = dwarf;
				ENABLE_STRICT_OBJC_MSGSEND = YES;
				ENABLE_TESTABILITY = YES;
				GCC_C_LANGUAGE_STANDARD = gnu11;
				GCC_DYNAMIC_NO_PIC = NO;
				GCC_NO_COMMON_BLOCKS = YES;
				GCC_OPTIMIZATION_LEVEL = 0;
				GCC_PREPROCESSOR_DEFINITIONS = (
					"DEBUG=1",
					"$(inherited)",
				);
				GCC_WARN_64_TO_32_BIT_CONVERSION = YES;
				GCC_WARN_ABOUT_RETURN_TYPE = YES_ERROR;
				GCC_WARN_UNDECLARED_SELECTOR = YES;
				GCC_WARN_UNINITIALIZED_AUTOS = YES_AGGRESSIVE;
				GCC_WARN_UNUSED_FUNCTION = YES;
				GCC_WARN_UNUSED_VARIABLE = YES;
				IPHONEOS_DEPLOYMENT_TARGET = 11.1;
				MTL_ENABLE_DEBUG_INFO = YES;
				ONLY_ACTIVE_ARCH = YES;
				SDKROOT = iphoneos;
			};
			name = Debug;
		};
		580747ED1FB746E700D41F42 /* Release */ = {
			isa = XCBuildConfiguration;
			buildSettings = {
				ALWAYS_SEARCH_USER_PATHS = NO;
				CLANG_ANALYZER_NONNULL = YES;
				CLANG_ANALYZER_NUMBER_OBJECT_CONVERSION = YES_AGGRESSIVE;
				CLANG_CXX_LANGUAGE_STANDARD = "gnu++14";
				CLANG_CXX_LIBRARY = "libc++";
				CLANG_ENABLE_MODULES = YES;
				CLANG_ENABLE_OBJC_ARC = YES;
				CLANG_WARN_BLOCK_CAPTURE_AUTORELEASING = YES;
				CLANG_WARN_BOOL_CONVERSION = YES;
				CLANG_WARN_COMMA = YES;
				CLANG_WARN_CONSTANT_CONVERSION = YES;
				CLANG_WARN_DIRECT_OBJC_ISA_USAGE = YES_ERROR;
				CLANG_WARN_DOCUMENTATION_COMMENTS = YES;
				CLANG_WARN_EMPTY_BODY = YES;
				CLANG_WARN_ENUM_CONVERSION = YES;
				CLANG_WARN_INFINITE_RECURSION = YES;
				CLANG_WARN_INT_CONVERSION = YES;
				CLANG_WARN_NON_LITERAL_NULL_CONVERSION = YES;
				CLANG_WARN_OBJC_LITERAL_CONVERSION = YES;
				CLANG_WARN_OBJC_ROOT_CLASS = YES_ERROR;
				CLANG_WARN_RANGE_LOOP_ANALYSIS = YES;
				CLANG_WARN_STRICT_PROTOTYPES = YES;
				CLANG_WARN_SUSPICIOUS_MOVE = YES;
				CLANG_WARN_UNGUARDED_AVAILABILITY = YES_AGGRESSIVE;
				CLANG_WARN_UNREACHABLE_CODE = YES;
				CLANG_WARN__DUPLICATE_METHOD_MATCH = YES;
				CODE_SIGN_IDENTITY = "iPhone Developer";
				COPY_PHASE_STRIP = NO;
				DEBUG_INFORMATION_FORMAT = "dwarf-with-dsym";
				ENABLE_NS_ASSERTIONS = NO;
				ENABLE_STRICT_OBJC_MSGSEND = YES;
				GCC_C_LANGUAGE_STANDARD = gnu11;
				GCC_NO_COMMON_BLOCKS = YES;
				GCC_WARN_64_TO_32_BIT_CONVERSION = YES;
				GCC_WARN_ABOUT_RETURN_TYPE = YES_ERROR;
				GCC_WARN_UNDECLARED_SELECTOR = YES;
				GCC_WARN_UNINITIALIZED_AUTOS = YES_AGGRESSIVE;
				GCC_WARN_UNUSED_FUNCTION = YES;
				GCC_WARN_UNUSED_VARIABLE = YES;
				IPHONEOS_DEPLOYMENT_TARGET = 11.1;
				MTL_ENABLE_DEBUG_INFO = NO;
				SDKROOT = iphoneos;
				VALIDATE_PRODUCT = YES;
			};
			name = Release;
		};
		580747EF1FB746E700D41F42 /* Debug */ = {
			isa = XCBuildConfiguration;
			buildSettings = {
				ASSETCATALOG_COMPILER_APPICON_NAME = AppIcon;
				CODE_SIGN_STYLE = Automatic;
				DEVELOPMENT_TEAM = L32PN8QKLZ;
				INFOPLIST_FILE = Facade/Info.plist;
				IPHONEOS_DEPLOYMENT_TARGET = 9.0;
				LD_RUNPATH_SEARCH_PATHS = "$(inherited) @executable_path/Frameworks";
				PRODUCT_BUNDLE_IDENTIFIER = com.ShannonChen.Facade;
				PRODUCT_NAME = "$(TARGET_NAME)";
				TARGETED_DEVICE_FAMILY = "1,2";
			};
			name = Debug;
		};
		580747F01FB746E700D41F42 /* Release */ = {
			isa = XCBuildConfiguration;
			buildSettings = {
				ASSETCATALOG_COMPILER_APPICON_NAME = AppIcon;
				CODE_SIGN_STYLE = Automatic;
				DEVELOPMENT_TEAM = L32PN8QKLZ;
				INFOPLIST_FILE = Facade/Info.plist;
				IPHONEOS_DEPLOYMENT_TARGET = 9.0;
				LD_RUNPATH_SEARCH_PATHS = "$(inherited) @executable_path/Frameworks";
				PRODUCT_BUNDLE_IDENTIFIER = com.ShannonChen.Facade;
				PRODUCT_NAME = "$(TARGET_NAME)";
				TARGETED_DEVICE_FAMILY = "1,2";
			};
			name = Release;
		};
/* End XCBuildConfiguration section */

/* Begin XCConfigurationList section */
		580747D31FB746E700D41F42 /* Build configuration list for PBXProject "Facade" */ = {
			isa = XCConfigurationList;
			buildConfigurations = (
				580747EC1FB746E700D41F42 /* Debug */,
				580747ED1FB746E700D41F42 /* Release */,
			);
			defaultConfigurationIsVisible = 0;
			defaultConfigurationName = Release;
		};
		580747EE1FB746E700D41F42 /* Build configuration list for PBXNativeTarget "Facade" */ = {
			isa = XCConfigurationList;
			buildConfigurations = (
				580747EF1FB746E700D41F42 /* Debug */,
				580747F01FB746E700D41F42 /* Release */,
			);
			defaultConfigurationIsVisible = 0;
			defaultConfigurationName = Release;
		};
/* End XCConfigurationList section */
	};
	rootObject = 580747D01FB746E700D41F42 /* Project object */;
}
