// !$*UTF8*$!
{
	archiveVersion = 1;
	classes = {
	};
	objectVersion = 46;
	objects = {

/* Begin PBXBuildFile section */
		58106BCD1F8CE0B400BCD991 /* VIPERViewController.swift in Sources */ = {isa = PBXBuildFile; fileRef = 58106BCB1F8CE0B400BCD991 /* VIPERViewController.swift */; };
		58106BCE1F8CE0B400BCD991 /* VIPERViewController.xib in Resources */ = {isa = PBXBuildFile; fileRef = 58106BCC1F8CE0B400BCD991 /* VIPERViewController.xib */; };
		58106BD01F8CE1A900BCD991 /* VIPEREntity.swift in Sources */ = {isa = PBXBuildFile; fileRef = 58106BCF1F8CE1A900BCD991 /* VIPEREntity.swift */; };
		58106BD41F8CE28700BCD991 /* VIPERPresenter.swift in Sources */ = {isa = PBXBuildFile; fileRef = 58106BD31F8CE28700BCD991 /* VIPERPresenter.swift */; };
		58106BD61F8CE33000BCD991 /* VIPERInteractor.swift in Sources */ = {isa = PBXBuildFile; fileRef = 58106BD51F8CE33000BCD991 /* VIPERInteractor.swift */; };
		58106BD81F8CE97D00BCD991 /* VIPERRouter.swift in Sources */ = {isa = PBXBuildFile; fileRef = 58106BD71F8CE97D00BCD991 /* VIPERRouter.swift */; };
		5887C64E1F8C675C007FAE5D /* AppDelegate.swift in Sources */ = {isa = PBXBuildFile; fileRef = 5887C64D1F8C675C007FAE5D /* AppDelegate.swift */; };
		5887C6501F8C675C007FAE5D /* ViewController.swift in Sources */ = {isa = PBXBuildFile; fileRef = 5887C64F1F8C675C007FAE5D /* ViewController.swift */; };
		5887C6531F8C675C007FAE5D /* Main.storyboard in Resources */ = {isa = PBXBuildFile; fileRef = 5887C6511F8C675C007FAE5D /* Main.storyboard */; };
		5887C6551F8C675C007FAE5D /* Assets.xcassets in Resources */ = {isa = PBXBuildFile; fileRef = 5887C6541F8C675C007FAE5D /* Assets.xcassets */; };
		5887C6581F8C675C007FAE5D /* LaunchScreen.storyboard in Resources */ = {isa = PBXBuildFile; fileRef = 5887C6561F8C675C007FAE5D /* LaunchScreen.storyboard */; };
		5887C6631F8C675C007FAE5D /* iOSArchitecturePatternsExampleTests.swift in Sources */ = {isa = PBXBuildFile; fileRef = 5887C6621F8C675C007FAE5D /* iOSArchitecturePatternsExampleTests.swift */; };
		5887C6761F8C6980007FAE5D /* MVCViewController.swift in Sources */ = {isa = PBXBuildFile; fileRef = 5887C6721F8C6980007FAE5D /* MVCViewController.swift */; };
		5887C6771F8C6980007FAE5D /* MVPViewController.swift in Sources */ = {isa = PBXBuildFile; fileRef = 5887C6741F8C6980007FAE5D /* MVPViewController.swift */; };
		5887C67A1F8C6A24007FAE5D /* MVPerson.swift in Sources */ = {isa = PBXBuildFile; fileRef = 5887C6791F8C6A24007FAE5D /* MVPerson.swift */; };
		5887C67C1F8C6AED007FAE5D /* MVCViewController.xib in Resources */ = {isa = PBXBuildFile; fileRef = 5887C67B1F8C6AED007FAE5D /* MVCViewController.xib */; };
		5887C67E1F8C6D0A007FAE5D /* MVPViewController.xib in Resources */ = {isa = PBXBuildFile; fileRef = 5887C67D1F8C6D0A007FAE5D /* MVPViewController.xib */; };
		5887C6801F8C6D5C007FAE5D /* MVPPerson.swift in Sources */ = {isa = PBXBuildFile; fileRef = 5887C67F1F8C6D5C007FAE5D /* MVPPerson.swift */; };
		5887C6821F8C6DF6007FAE5D /* MVPPresenter.swift in Sources */ = {isa = PBXBuildFile; fileRef = 5887C6811F8C6DF6007FAE5D /* MVPPresenter.swift */; };
		5887C6871F8C749F007FAE5D /* MVVMViewController.swift in Sources */ = {isa = PBXBuildFile; fileRef = 5887C6851F8C749F007FAE5D /* MVVMViewController.swift */; };
		5887C6881F8C749F007FAE5D /* MVVMViewController.xib in Resources */ = {isa = PBXBuildFile; fileRef = 5887C6861F8C749F007FAE5D /* MVVMViewController.xib */; };
		5887C68A1F8C7511007FAE5D /* MVVMViewModel.swift in Sources */ = {isa = PBXBuildFile; fileRef = 5887C6891F8C7511007FAE5D /* MVVMViewModel.swift */; };
		5887C68C1F8C751D007FAE5D /* MVVMPerson.swift in Sources */ = {isa = PBXBuildFile; fileRef = 5887C68B1F8C751D007FAE5D /* MVVMPerson.swift */; };
/* End PBXBuildFile section */

/* Begin PBXContainerItemProxy section */
		5887C65F1F8C675C007FAE5D /* PBXContainerItemProxy */ = {
			isa = PBXContainerItemProxy;
			containerPortal = 5887C6421F8C675C007FAE5D /* Project object */;
			proxyType = 1;
			remoteGlobalIDString = 5887C6491F8C675C007FAE5D;
			remoteInfo = iOSArchitecturePatternsExample;
		};
/* End PBXContainerItemProxy section */

/* Begin PBXFileReference section */
		58106BCB1F8CE0B400BCD991 /* VIPERViewController.swift */ = {isa = PBXFileReference; fileEncoding = 4; lastKnownFileType = sourcecode.swift; path = VIPERViewController.swift; sourceTree = "<group>"; };
		58106BCC1F8CE0B400BCD991 /* VIPERViewController.xib */ = {isa = PBXFileReference; fileEncoding = 4; lastKnownFileType = file.xib; path = VIPERViewController.xib; sourceTree = "<group>"; };
		58106BCF1F8CE1A900BCD991 /* VIPEREntity.swift */ = {isa = PBXFileReference; fileEncoding = 4; lastKnownFileType = sourcecode.swift; path = VIPEREntity.swift; sourceTree = "<group>"; };
		58106BD31F8CE28700BCD991 /* VIPERPresenter.swift */ = {isa = PBXFileReference; fileEncoding = 4; lastKnownFileType = sourcecode.swift; path = VIPERPresenter.swift; sourceTree = "<group>"; };
		58106BD51F8CE33000BCD991 /* VIPERInteractor.swift */ = {isa = PBXFileReference; fileEncoding = 4; lastKnownFileType = sourcecode.swift; path = VIPERInteractor.swift; sourceTree = "<group>"; };
		58106BD71F8CE97D00BCD991 /* VIPERRouter.swift */ = {isa = PBXFileReference; fileEncoding = 4; lastKnownFileType = sourcecode.swift; path = VIPERRouter.swift; sourceTree = "<group>"; };
		5887C64A1F8C675C007FAE5D /* iOSArchitecturePatternsExample.app */ = {isa = PBXFileReference; explicitFileType = wrapper.application; includeInIndex = 0; path = iOSArchitecturePatternsExample.app; sourceTree = BUILT_PRODUCTS_DIR; };
		5887C64D1F8C675C007FAE5D /* AppDelegate.swift */ = {isa = PBXFileReference; lastKnownFileType = sourcecode.swift; path = AppDelegate.swift; sourceTree = "<group>"; };
		5887C64F1F8C675C007FAE5D /* ViewController.swift */ = {isa = PBXFileReference; lastKnownFileType = sourcecode.swift; path = ViewController.swift; sourceTree = "<group>"; };
		5887C6521F8C675C007FAE5D /* Base */ = {isa = PBXFileReference; lastKnownFileType = file.storyboard; name = Base; path = Base.lproj/Main.storyboard; sourceTree = "<group>"; };
		5887C6541F8C675C007FAE5D /* Assets.xcassets */ = {isa = PBXFileReference; lastKnownFileType = folder.assetcatalog; path = Assets.xcassets; sourceTree = "<group>"; };
		5887C6571F8C675C007FAE5D /* Base */ = {isa = PBXFileReference; lastKnownFileType = file.storyboard; name = Base; path = Base.lproj/LaunchScreen.storyboard; sourceTree = "<group>"; };
		5887C6591F8C675C007FAE5D /* Info.plist */ = {isa = PBXFileReference; lastKnownFileType = text.plist.xml; path = Info.plist; sourceTree = "<group>"; };
		5887C65E1F8C675C007FAE5D /* iOSArchitecturePatternsExampleTests.xctest */ = {isa = PBXFileReference; explicitFileType = wrapper.cfbundle; includeInIndex = 0; path = iOSArchitecturePatternsExampleTests.xctest; sourceTree = BUILT_PRODUCTS_DIR; };
		5887C6621F8C675C007FAE5D /* iOSArchitecturePatternsExampleTests.swift */ = {isa = PBXFileReference; lastKnownFileType = sourcecode.swift; path = iOSArchitecturePatternsExampleTests.swift; sourceTree = "<group>"; };
		5887C6641F8C675C007FAE5D /* Info.plist */ = {isa = PBXFileReference; lastKnownFileType = text.plist.xml; path = Info.plist; sourceTree = "<group>"; };
		5887C6721F8C6980007FAE5D /* MVCViewController.swift */ = {isa = PBXFileReference; fileEncoding = 4; lastKnownFileType = sourcecode.swift; path = MVCViewController.swift; sourceTree = "<group>"; };
		5887C6741F8C6980007FAE5D /* MVPViewController.swift */ = {isa = PBXFileReference; fileEncoding = 4; lastKnownFileType = sourcecode.swift; path = MVPViewController.swift; sourceTree = "<group>"; };
		5887C6791F8C6A24007FAE5D /* MVPerson.swift */ = {isa = PBXFileReference; fileEncoding = 4; lastKnownFileType = sourcecode.swift; path = MVPerson.swift; sourceTree = "<group>"; };
		5887C67B1F8C6AED007FAE5D /* MVCViewController.xib */ = {isa = PBXFileReference; fileEncoding = 4; lastKnownFileType = file.xib; path = MVCViewController.xib; sourceTree = "<group>"; };
		5887C67D1F8C6D0A007FAE5D /* MVPViewController.xib */ = {isa = PBXFileReference; fileEncoding = 4; lastKnownFileType = file.xib; path = MVPViewController.xib; sourceTree = "<group>"; };
		5887C67F1F8C6D5C007FAE5D /* MVPPerson.swift */ = {isa = PBXFileReference; fileEncoding = 4; lastKnownFileType = sourcecode.swift; path = MVPPerson.swift; sourceTree = "<group>"; };
		5887C6811F8C6DF6007FAE5D /* MVPPresenter.swift */ = {isa = PBXFileReference; fileEncoding = 4; lastKnownFileType = sourcecode.swift; path = MVPPresenter.swift; sourceTree = "<group>"; };
		5887C6851F8C749F007FAE5D /* MVVMViewController.swift */ = {isa = PBXFileReference; fileEncoding = 4; lastKnownFileType = sourcecode.swift; path = MVVMViewController.swift; sourceTree = "<group>"; };
		5887C6861F8C749F007FAE5D /* MVVMViewController.xib */ = {isa = PBXFileReference; fileEncoding = 4; lastKnownFileType = file.xib; path = MVVMViewController.xib; sourceTree = "<group>"; };
		5887C6891F8C7511007FAE5D /* MVVMViewModel.swift */ = {isa = PBXFileReference; fileEncoding = 4; lastKnownFileType = sourcecode.swift; path = MVVMViewModel.swift; sourceTree = "<group>"; };
		5887C68B1F8C751D007FAE5D /* MVVMPerson.swift */ = {isa = PBXFileReference; fileEncoding = 4; lastKnownFileType = sourcecode.swift; path = MVVMPerson.swift; sourceTree = "<group>"; };
/* End PBXFileReference section */

/* Begin PBXFrameworksBuildPhase section */
		5887C6471F8C675C007FAE5D /* Frameworks */ = {
			isa = PBXFrameworksBuildPhase;
			buildActionMask = 2147483647;
			files = (
			);
			runOnlyForDeploymentPostprocessing = 0;
		};
		5887C65B1F8C675C007FAE5D /* Frameworks */ = {
			isa = PBXFrameworksBuildPhase;
			buildActionMask = 2147483647;
			files = (
			);
			runOnlyForDeploymentPostprocessing = 0;
		};
/* End PBXFrameworksBuildPhase section */

/* Begin PBXGroup section */
		5887C6411F8C675C007FAE5D = {
			isa = PBXGroup;
			children = (
				5887C64C1F8C675C007FAE5D /* iOSArchitecturePatternsExample */,
				5887C6611F8C675C007FAE5D /* iOSArchitecturePatternsExampleTests */,
				5887C64B1F8C675C007FAE5D /* Products */,
			);
			sourceTree = "<group>";
		};
		5887C64B1F8C675C007FAE5D /* Products */ = {
			isa = PBXGroup;
			children = (
				5887C64A1F8C675C007FAE5D /* iOSArchitecturePatternsExample.app */,
				5887C65E1F8C675C007FAE5D /* iOSArchitecturePatternsExampleTests.xctest */,
			);
			name = Products;
			sourceTree = "<group>";
		};
		5887C64C1F8C675C007FAE5D /* iOSArchitecturePatternsExample */ = {
			isa = PBXGroup;
			children = (
				5887C64D1F8C675C007FAE5D /* AppDelegate.swift */,
				5887C64F1F8C675C007FAE5D /* ViewController.swift */,
				5887C6711F8C6980007FAE5D /* MVC */,
				5887C6731F8C6980007FAE5D /* MVP */,
				5887C6751F8C6980007FAE5D /* MVVM */,
				5887C6781F8C6991007FAE5D /* VIPER */,
				5887C6541F8C675C007FAE5D /* Assets.xcassets */,
				5887C6511F8C675C007FAE5D /* Main.storyboard */,
				5887C6561F8C675C007FAE5D /* LaunchScreen.storyboard */,
				5887C6591F8C675C007FAE5D /* Info.plist */,
			);
			path = iOSArchitecturePatternsExample;
			sourceTree = "<group>";
		};
		5887C6611F8C675C007FAE5D /* iOSArchitecturePatternsExampleTests */ = {
			isa = PBXGroup;
			children = (
				5887C6621F8C675C007FAE5D /* iOSArchitecturePatternsExampleTests.swift */,
				5887C6641F8C675C007FAE5D /* Info.plist */,
			);
			path = iOSArchitecturePatternsExampleTests;
			sourceTree = "<group>";
		};
		5887C6711F8C6980007FAE5D /* MVC */ = {
			isa = PBXGroup;
			children = (
				5887C6721F8C6980007FAE5D /* MVCViewController.swift */,
				5887C67B1F8C6AED007FAE5D /* MVCViewController.xib */,
				5887C6791F8C6A24007FAE5D /* MVPerson.swift */,
			);
			path = MVC;
			sourceTree = "<group>";
		};
		5887C6731F8C6980007FAE5D /* MVP */ = {
			isa = PBXGroup;
			children = (
				5887C6741F8C6980007FAE5D /* MVPViewController.swift */,
				5887C67D1F8C6D0A007FAE5D /* MVPViewController.xib */,
				5887C67F1F8C6D5C007FAE5D /* MVPPerson.swift */,
				5887C6811F8C6DF6007FAE5D /* MVPPresenter.swift */,
			);
			path = MVP;
			sourceTree = "<group>";
		};
		5887C6751F8C6980007FAE5D /* MVVM */ = {
			isa = PBXGroup;
			children = (
				5887C6851F8C749F007FAE5D /* MVVMViewController.swift */,
				5887C6861F8C749F007FAE5D /* MVVMViewController.xib */,
				5887C68B1F8C751D007FAE5D /* MVVMPerson.swift */,
				5887C6891F8C7511007FAE5D /* MVVMViewModel.swift */,
			);
			path = MVVM;
			sourceTree = "<group>";
		};
		5887C6781F8C6991007FAE5D /* VIPER */ = {
			isa = PBXGroup;
			children = (
				58106BCB1F8CE0B400BCD991 /* VIPERViewController.swift */,
				58106BCC1F8CE0B400BCD991 /* VIPERViewController.xib */,
				58106BD51F8CE33000BCD991 /* VIPERInteractor.swift */,
				58106BD31F8CE28700BCD991 /* VIPERPresenter.swift */,
				58106BCF1F8CE1A900BCD991 /* VIPEREntity.swift */,
				58106BD71F8CE97D00BCD991 /* VIPERRouter.swift */,
			);
			path = VIPER;
			sourceTree = "<group>";
		};
/* End PBXGroup section */

/* Begin PBXNativeTarget section */
		5887C6491F8C675C007FAE5D /* iOSArchitecturePatternsExample */ = {
			isa = PBXNativeTarget;
			buildConfigurationList = 5887C6671F8C675C007FAE5D /* Build configuration list for PBXNativeTarget "iOSArchitecturePatternsExample" */;
			buildPhases = (
				5887C6461F8C675C007FAE5D /* Sources */,
				5887C6471F8C675C007FAE5D /* Frameworks */,
				5887C6481F8C675C007FAE5D /* Resources */,
			);
			buildRules = (
			);
			dependencies = (
			);
			name = iOSArchitecturePatternsExample;
			productName = iOSArchitecturePatternsExample;
			productReference = 5887C64A1F8C675C007FAE5D /* iOSArchitecturePatternsExample.app */;
			productType = "com.apple.product-type.application";
		};
		5887C65D1F8C675C007FAE5D /* iOSArchitecturePatternsExampleTests */ = {
			isa = PBXNativeTarget;
			buildConfigurationList = 5887C66A1F8C675C007FAE5D /* Build configuration list for PBXNativeTarget "iOSArchitecturePatternsExampleTests" */;
			buildPhases = (
				5887C65A1F8C675C007FAE5D /* Sources */,
				5887C65B1F8C675C007FAE5D /* Frameworks */,
				5887C65C1F8C675C007FAE5D /* Resources */,
			);
			buildRules = (
			);
			dependencies = (
				5887C6601F8C675C007FAE5D /* PBXTargetDependency */,
			);
			name = iOSArchitecturePatternsExampleTests;
			productName = iOSArchitecturePatternsExampleTests;
			productReference = 5887C65E1F8C675C007FAE5D /* iOSArchitecturePatternsExampleTests.xctest */;
			productType = "com.apple.product-type.bundle.unit-test";
		};
/* End PBXNativeTarget section */

/* Begin PBXProject section */
		5887C6421F8C675C007FAE5D /* Project object */ = {
			isa = PBXProject;
			attributes = {
				LastSwiftUpdateCheck = 0830;
				LastUpgradeCheck = 0830;
				ORGANIZATIONNAME = ShannonChen;
				TargetAttributes = {
					5887C6491F8C675C007FAE5D = {
						CreatedOnToolsVersion = 8.3.2;
						DevelopmentTeam = L32PN8QKLZ;
						ProvisioningStyle = Automatic;
					};
					5887C65D1F8C675C007FAE5D = {
						CreatedOnToolsVersion = 8.3.2;
						DevelopmentTeam = L32PN8QKLZ;
						ProvisioningStyle = Automatic;
						TestTargetID = 5887C6491F8C675C007FAE5D;
					};
				};
			};
			buildConfigurationList = 5887C6451F8C675C007FAE5D /* Build configuration list for PBXProject "iOSArchitecturePatternsExample" */;
			compatibilityVersion = "Xcode 3.2";
			developmentRegion = English;
			hasScannedForEncodings = 0;
			knownRegions = (
				en,
				Base,
			);
			mainGroup = 5887C6411F8C675C007FAE5D;
			productRefGroup = 5887C64B1F8C675C007FAE5D /* Products */;
			projectDirPath = "";
			projectRoot = "";
			targets = (
				5887C6491F8C675C007FAE5D /* iOSArchitecturePatternsExample */,
				5887C65D1F8C675C007FAE5D /* iOSArchitecturePatternsExampleTests */,
			);
		};
/* End PBXProject section */

/* Begin PBXResourcesBuildPhase section */
		5887C6481F8C675C007FAE5D /* Resources */ = {
			isa = PBXResourcesBuildPhase;
			buildActionMask = 2147483647;
			files = (
				5887C6881F8C749F007FAE5D /* MVVMViewController.xib in Resources */,
				5887C67E1F8C6D0A007FAE5D /* MVPViewController.xib in Resources */,
				5887C6581F8C675C007FAE5D /* LaunchScreen.storyboard in Resources */,
				5887C6551F8C675C007FAE5D /* Assets.xcassets in Resources */,
				5887C6531F8C675C007FAE5D /* Main.storyboard in Resources */,
				58106BCE1F8CE0B400BCD991 /* VIPERViewController.xib in Resources */,
				5887C67C1F8C6AED007FAE5D /* MVCViewController.xib in Resources */,
			);
			runOnlyForDeploymentPostprocessing = 0;
		};
		5887C65C1F8C675C007FAE5D /* Resources */ = {
			isa = PBXResourcesBuildPhase;
			buildActionMask = 2147483647;
			files = (
			);
			runOnlyForDeploymentPostprocessing = 0;
		};
/* End PBXResourcesBuildPhase section */

/* Begin PBXSourcesBuildPhase section */
		5887C6461F8C675C007FAE5D /* Sources */ = {
			isa = PBXSourcesBuildPhase;
			buildActionMask = 2147483647;
			files = (
				5887C6871F8C749F007FAE5D /* MVVMViewController.swift in Sources */,
				58106BD01F8CE1A900BCD991 /* VIPEREntity.swift in Sources */,
				5887C68A1F8C7511007FAE5D /* MVVMViewModel.swift in Sources */,
				58106BCD1F8CE0B400BCD991 /* VIPERViewController.swift in Sources */,
				5887C6821F8C6DF6007FAE5D /* MVPPresenter.swift in Sources */,
				58106BD41F8CE28700BCD991 /* VIPERPresenter.swift in Sources */,
				5887C6801F8C6D5C007FAE5D /* MVPPerson.swift in Sources */,
				5887C68C1F8C751D007FAE5D /* MVVMPerson.swift in Sources */,
				58106BD81F8CE97D00BCD991 /* VIPERRouter.swift in Sources */,
				5887C6761F8C6980007FAE5D /* MVCViewController.swift in Sources */,
				5887C6771F8C6980007FAE5D /* MVPViewController.swift in Sources */,
				5887C67A1F8C6A24007FAE5D /* MVPerson.swift in Sources */,
				5887C6501F8C675C007FAE5D /* ViewController.swift in Sources */,
				5887C64E1F8C675C007FAE5D /* AppDelegate.swift in Sources */,
				58106BD61F8CE33000BCD991 /* VIPERInteractor.swift in Sources */,
			);
			runOnlyForDeploymentPostprocessing = 0;
		};
		5887C65A1F8C675C007FAE5D /* Sources */ = {
			isa = PBXSourcesBuildPhase;
			buildActionMask = 2147483647;
			files = (
				5887C6631F8C675C007FAE5D /* iOSArchitecturePatternsExampleTests.swift in Sources */,
			);
			runOnlyForDeploymentPostprocessing = 0;
		};
/* End PBXSourcesBuildPhase section */

/* Begin PBXTargetDependency section */
		5887C6601F8C675C007FAE5D /* PBXTargetDependency */ = {
			isa = PBXTargetDependency;
			target = 5887C6491F8C675C007FAE5D /* iOSArchitecturePatternsExample */;
			targetProxy = 5887C65F1F8C675C007FAE5D /* PBXContainerItemProxy */;
		};
/* End PBXTargetDependency section */

/* Begin PBXVariantGroup section */
		5887C6511F8C675C007FAE5D /* Main.storyboard */ = {
			isa = PBXVariantGroup;
			children = (
				5887C6521F8C675C007FAE5D /* Base */,
			);
			name = Main.storyboard;
			sourceTree = "<group>";
		};
		5887C6561F8C675C007FAE5D /* LaunchScreen.storyboard */ = {
			isa = PBXVariantGroup;
			children = (
				5887C6571F8C675C007FAE5D /* Base */,
			);
			name = LaunchScreen.storyboard;
			sourceTree = "<group>";
		};
/* End PBXVariantGroup section */

/* Begin XCBuildConfiguration section */
		5887C6651F8C675C007FAE5D /* Debug */ = {
			isa = XCBuildConfiguration;
			buildSettings = {
				ALWAYS_SEARCH_USER_PATHS = NO;
				CLANG_ANALYZER_NONNULL = YES;
				CLANG_ANALYZER_NUMBER_OBJECT_CONVERSION = YES_AGGRESSIVE;
				CLANG_CXX_LANGUAGE_STANDARD = "gnu++0x";
				CLANG_CXX_LIBRARY = "libc++";
				CLANG_ENABLE_MODULES = YES;
				CLANG_ENABLE_OBJC_ARC = YES;
				CLANG_WARN_BOOL_CONVERSION = YES;
				CLANG_WARN_CONSTANT_CONVERSION = YES;
				CLANG_WARN_DIRECT_OBJC_ISA_USAGE = YES_ERROR;
				CLANG_WARN_DOCUMENTATION_COMMENTS = YES;
				CLANG_WARN_EMPTY_BODY = YES;
				CLANG_WARN_ENUM_CONVERSION = YES;
				CLANG_WARN_INFINITE_RECURSION = YES;
				CLANG_WARN_INT_CONVERSION = YES;
				CLANG_WARN_OBJC_ROOT_CLASS = YES_ERROR;
				CLANG_WARN_SUSPICIOUS_MOVE = YES;
				CLANG_WARN_UNREACHABLE_CODE = YES;
				CLANG_WARN__DUPLICATE_METHOD_MATCH = YES;
				"CODE_SIGN_IDENTITY[sdk=iphoneos*]" = "iPhone Developer";
				COPY_PHASE_STRIP = NO;
				DEBUG_INFORMATION_FORMAT = dwarf;
				ENABLE_STRICT_OBJC_MSGSEND = YES;
				ENABLE_TESTABILITY = YES;
				GCC_C_LANGUAGE_STANDARD = gnu99;
				GCC_DYNAMIC_NO_PIC = NO;
				GCC_NO_COMMON_BLOCKS = YES;
				GCC_OPTIMIZATION_LEVEL = 0;
				GCC_PREPROCESSOR_DEFINITIONS = (
					"DEBUG=1",
					"$(inherited)",
				);
				GCC_WARN_64_TO_32_BIT_CONVERSION = YES;
				GCC_WARN_ABOUT_RETURN_TYPE = YES_ERROR;
				GCC_WARN_UNDECLARED_SELECTOR = YES;
				GCC_WARN_UNINITIALIZED_AUTOS = YES_AGGRESSIVE;
				GCC_WARN_UNUSED_FUNCTION = YES;
				GCC_WARN_UNUSED_VARIABLE = YES;
				IPHONEOS_DEPLOYMENT_TARGET = 10.3;
				MTL_ENABLE_DEBUG_INFO = YES;
				ONLY_ACTIVE_ARCH = YES;
				SDKROOT = iphoneos;
				SWIFT_ACTIVE_COMPILATION_CONDITIONS = DEBUG;
				SWIFT_OPTIMIZATION_LEVEL = "-Onone";
				TARGETED_DEVICE_FAMILY = "1,2";
			};
			name = Debug;
		};
		5887C6661F8C675C007FAE5D /* Release */ = {
			isa = XCBuildConfiguration;
			buildSettings = {
				ALWAYS_SEARCH_USER_PATHS = NO;
				CLANG_ANALYZER_NONNULL = YES;
				CLANG_ANALYZER_NUMBER_OBJECT_CONVERSION = YES_AGGRESSIVE;
				CLANG_CXX_LANGUAGE_STANDARD = "gnu++0x";
				CLANG_CXX_LIBRARY = "libc++";
				CLANG_ENABLE_MODULES = YES;
				CLANG_ENABLE_OBJC_ARC = YES;
				CLANG_WARN_BOOL_CONVERSION = YES;
				CLANG_WARN_CONSTANT_CONVERSION = YES;
				CLANG_WARN_DIRECT_OBJC_ISA_USAGE = YES_ERROR;
				CLANG_WARN_DOCUMENTATION_COMMENTS = YES;
				CLANG_WARN_EMPTY_BODY = YES;
				CLANG_WARN_ENUM_CONVERSION = YES;
				CLANG_WARN_INFINITE_RECURSION = YES;
				CLANG_WARN_INT_CONVERSION = YES;
				CLANG_WARN_OBJC_ROOT_CLASS = YES_ERROR;
				CLANG_WARN_SUSPICIOUS_MOVE = YES;
				CLANG_WARN_UNREACHABLE_CODE = YES;
				CLANG_WARN__DUPLICATE_METHOD_MATCH = YES;
				"CODE_SIGN_IDENTITY[sdk=iphoneos*]" = "iPhone Developer";
				COPY_PHASE_STRIP = NO;
				DEBUG_INFORMATION_FORMAT = "dwarf-with-dsym";
				ENABLE_NS_ASSERTIONS = NO;
				ENABLE_STRICT_OBJC_MSGSEND = YES;
				GCC_C_LANGUAGE_STANDARD = gnu99;
				GCC_NO_COMMON_BLOCKS = YES;
				GCC_WARN_64_TO_32_BIT_CONVERSION = YES;
				GCC_WARN_ABOUT_RETURN_TYPE = YES_ERROR;
				GCC_WARN_UNDECLARED_SELECTOR = YES;
				GCC_WARN_UNINITIALIZED_AUTOS = YES_AGGRESSIVE;
				GCC_WARN_UNUSED_FUNCTION = YES;
				GCC_WARN_UNUSED_VARIABLE = YES;
				IPHONEOS_DEPLOYMENT_TARGET = 10.3;
				MTL_ENABLE_DEBUG_INFO = NO;
				SDKROOT = iphoneos;
				SWIFT_OPTIMIZATION_LEVEL = "-Owholemodule";
				TARGETED_DEVICE_FAMILY = "1,2";
				VALIDATE_PRODUCT = YES;
			};
			name = Release;
		};
		5887C6681F8C675C007FAE5D /* Debug */ = {
			isa = XCBuildConfiguration;
			buildSettings = {
				ASSETCATALOG_COMPILER_APPICON_NAME = AppIcon;
				DEVELOPMENT_TEAM = L32PN8QKLZ;
				INFOPLIST_FILE = iOSArchitecturePatternsExample/Info.plist;
				LD_RUNPATH_SEARCH_PATHS = "$(inherited) @executable_path/Frameworks";
				PRODUCT_BUNDLE_IDENTIFIER = com.shannon.com.iOSArchitecturePatternsExample;
				PRODUCT_NAME = "$(TARGET_NAME)";
				SWIFT_VERSION = 3.0;
			};
			name = Debug;
		};
		5887C6691F8C675C007FAE5D /* Release */ = {
			isa = XCBuildConfiguration;
			buildSettings = {
				ASSETCATALOG_COMPILER_APPICON_NAME = AppIcon;
				DEVELOPMENT_TEAM = L32PN8QKLZ;
				INFOPLIST_FILE = iOSArchitecturePatternsExample/Info.plist;
				LD_RUNPATH_SEARCH_PATHS = "$(inherited) @executable_path/Frameworks";
				PRODUCT_BUNDLE_IDENTIFIER = com.shannon.com.iOSArchitecturePatternsExample;
				PRODUCT_NAME = "$(TARGET_NAME)";
				SWIFT_VERSION = 3.0;
			};
			name = Release;
		};
		5887C66B1F8C675C007FAE5D /* Debug */ = {
			isa = XCBuildConfiguration;
			buildSettings = {
				ALWAYS_EMBED_SWIFT_STANDARD_LIBRARIES = YES;
				BUNDLE_LOADER = "$(TEST_HOST)";
				DEVELOPMENT_TEAM = L32PN8QKLZ;
				INFOPLIST_FILE = iOSArchitecturePatternsExampleTests/Info.plist;
				LD_RUNPATH_SEARCH_PATHS = "$(inherited) @executable_path/Frameworks @loader_path/Frameworks";
				PRODUCT_BUNDLE_IDENTIFIER = com.shannon.com.iOSArchitecturePatternsExampleTests;
				PRODUCT_NAME = "$(TARGET_NAME)";
				SWIFT_VERSION = 3.0;
				TEST_HOST = "$(BUILT_PRODUCTS_DIR)/iOSArchitecturePatternsExample.app/iOSArchitecturePatternsExample";
			};
			name = Debug;
		};
		5887C66C1F8C675C007FAE5D /* Release */ = {
			isa = XCBuildConfiguration;
			buildSettings = {
				ALWAYS_EMBED_SWIFT_STANDARD_LIBRARIES = YES;
				BUNDLE_LOADER = "$(TEST_HOST)";
				DEVELOPMENT_TEAM = L32PN8QKLZ;
				INFOPLIST_FILE = iOSArchitecturePatternsExampleTests/Info.plist;
				LD_RUNPATH_SEARCH_PATHS = "$(inherited) @executable_path/Frameworks @loader_path/Frameworks";
				PRODUCT_BUNDLE_IDENTIFIER = com.shannon.com.iOSArchitecturePatternsExampleTests;
				PRODUCT_NAME = "$(TARGET_NAME)";
				SWIFT_VERSION = 3.0;
				TEST_HOST = "$(BUILT_PRODUCTS_DIR)/iOSArchitecturePatternsExample.app/iOSArchitecturePatternsExample";
			};
			name = Release;
		};
/* End XCBuildConfiguration section */

/* Begin XCConfigurationList section */
		5887C6451F8C675C007FAE5D /* Build configuration list for PBXProject "iOSArchitecturePatternsExample" */ = {
			isa = XCConfigurationList;
			buildConfigurations = (
				5887C6651F8C675C007FAE5D /* Debug */,
				5887C6661F8C675C007FAE5D /* Release */,
			);
			defaultConfigurationIsVisible = 0;
			defaultConfigurationName = Release;
		};
		5887C6671F8C675C007FAE5D /* Build configuration list for PBXNativeTarget "iOSArchitecturePatternsExample" */ = {
			isa = XCConfigurationList;
			buildConfigurations = (
				5887C6681F8C675C007FAE5D /* Debug */,
				5887C6691F8C675C007FAE5D /* Release */,
			);
			defaultConfigurationIsVisible = 0;
			defaultConfigurationName = Release;
		};
		5887C66A1F8C675C007FAE5D /* Build configuration list for PBXNativeTarget "iOSArchitecturePatternsExampleTests" */ = {
			isa = XCConfigurationList;
			buildConfigurations = (
				5887C66B1F8C675C007FAE5D /* Debug */,
				5887C66C1F8C675C007FAE5D /* Release */,
			);
			defaultConfigurationIsVisible = 0;
			defaultConfigurationName = Release;
		};
/* End XCConfigurationList section */
	};
	rootObject = 5887C6421F8C675C007FAE5D /* Project object */;
}
